
Microsoft Visual Studio Solution File, Format Version 12.00
# Visual Studio 15
Project("{FAE04EC0-301F-11D3-BF4B-00C04F79EFBC}") = "Lab09-LINQ", "Lab09-LINQ\Lab09-LINQ.csproj", "{EFADB424-26DA-457B-BADA-96AAC5418E15}"
EndProject
Project("{FAE04EC0-301F-11D3-BF4B-00C04F79EFBC}") = "LINQ-Tests", "LINQ-Tests\LINQ-Tests.csproj", "{700BBB66-3533-4D05-9CB6-3623CD3863BC}"
EndProject
Global
	GlobalSection(SolutionConfigurationPlatforms) = preSolution
		Debug|Any CPU = Debug|Any CPU
		Release|Any CPU = Release|Any CPU
	EndGlobalSection
	GlobalSection(ProjectConfigurationPlatforms) = postSolution
		{EFADB424-26DA-457B-BADA-96AAC5418E15}.Debug|Any CPU.ActiveCfg = Debug|Any CPU
		{EFADB424-26DA-457B-BADA-96AAC5418E15}.Debug|Any CPU.Build.0 = Debug|Any CPU
		{EFADB424-26DA-457B-BADA-96AAC5418E15}.Release|Any CPU.ActiveCfg = Release|Any CPU
		{EFADB424-26DA-457B-BADA-96AAC5418E15}.Release|Any CPU.Build.0 = Release|Any CPU
		{700BBB66-3533-4D05-9CB6-3623CD3863BC}.Debug|Any CPU.ActiveCfg = Debug|Any CPU
		{700BBB66-3533-4D05-9CB6-3623CD3863BC}.Debug|Any CPU.Build.0 = Debug|Any CPU
		{700BBB66-3533-4D05-9CB6-3623CD3863BC}.Release|Any CPU.ActiveCfg = Release|Any CPU
		{700BBB66-3533-4D05-9CB6-3623CD3863BC}.Release|Any CPU.Build.0 = Release|Any CPU
	EndGlobalSection
EndGlobal
